
Microsoft Visual Studio Solution File, Format Version 12.00
# Visual Studio Version 16
VisualStudioVersion = 16.0.31424.327
MinimumVisualStudioVersion = 10.0.40219.1
Project("{FAE04EC0-301F-11D3-BF4B-00C04F79EFBC}") = "Lookif.Layers.Service", "Lookif.Layers.Service\Lookif.Layers.Service.csproj", "{D92A6231-996D-4430-934F-D5CD70A37AA0}"
EndProject
Global
	GlobalSection(SolutionConfigurationPlatforms) = preSolution
		Debug|Any CPU = Debug|Any CPU
		Release|Any CPU = Release|Any CPU
	EndGlobalSection
	GlobalSection(ProjectConfigurationPlatforms) = postSolution
		{D92A6231-996D-4430-934F-D5CD70A37AA0}.Debug|Any CPU.ActiveCfg = Debug|Any CPU
		{D92A6231-996D-4430-934F-D5CD70A37AA0}.Debug|Any CPU.Build.0 = Debug|Any CPU
		{D92A6231-996D-4430-934F-D5CD70A37AA0}.Release|Any CPU.ActiveCfg = Release|Any CPU
		{D92A6231-996D-4430-934F-D5CD70A37AA0}.Release|Any CPU.Build.0 = Release|Any CPU
	EndGlobalSection
	GlobalSection(SolutionProperties) = preSolution
		HideSolutionNode = FALSE
	EndGlobalSection
	GlobalSection(ExtensibilityGlobals) = postSolution
		SolutionGuid = {02766CEC-D189-4085-9564-51B1D89A4148}
	EndGlobalSection
EndGlobal
